
Microsoft Visual Studio Solution File, Format Version 12.00
# Visual Studio Version 17
VisualStudioVersion = 17.0.31903.59
MinimumVisualStudioVersion = 10.0.40219.1
Project("{2150E333-8FDC-42A3-9474-1A3956D46DE8}") = "src", "src", "{9018316F-BBA3-45C8-B15D-3B0D56FE75FE}"
EndProject
Project("{2150E333-8FDC-42A3-9474-1A3956D46DE8}") = "tests", "tests", "{5419A986-9252-4F96-B53F-E875A3E37FBC}"
EndProject
Project("{2150E333-8FDC-42A3-9474-1A3956D46DE8}") = "Backend", "Backend", "{5191152F-D2CF-41BE-B8F0-41557E5C1E4E}"
EndProject
Project("{2150E333-8FDC-42A3-9474-1A3956D46DE8}") = "Modules", "Modules", "{8E52C7A1-DA78-4D57-8C29-E0329F8E3460}"
EndProject
Project("{2150E333-8FDC-42A3-9474-1A3956D46DE8}") = "Players", "Players", "{CF097479-0ADE-4BFA-A57E-F9776DD71C2C}"
EndProject
Project("{9A19103F-16F7-4668-BE54-9A1E7A4F7556}") = "Euro2024Challenge.Backend.Modules.Players.Domain", "src\Backend\Modules\Players\Euro2024Challenge.Backend.Modules.Players.Domain\Euro2024Challenge.Backend.Modules.Players.Domain.csproj", "{FB00F471-1BD7-4B91-AECD-A0F47A1F8672}"
EndProject
Project("{9A19103F-16F7-4668-BE54-9A1E7A4F7556}") = "Euro2024Challenge.Backend.Modules.Players.Application", "src\Backend\Modules\Players\Euro2024Challenge.Backend.Modules.Players.Application\Euro2024Challenge.Backend.Modules.Players.Application.csproj", "{6585DBB8-B701-489F-9334-195E7D983A29}"
EndProject
Project("{9A19103F-16F7-4668-BE54-9A1E7A4F7556}") = "Euro2024Challenge.Backend.Modules.Players.Infrastructure", "src\Backend\Modules\Players\Euro2024Challenge.Backend.Modules.Players.Infrastructure\Euro2024Challenge.Backend.Modules.Players.Infrastructure.csproj", "{4AE12F17-00B0-47EF-A22A-18CF1F7233DA}"
EndProject
Project("{9A19103F-16F7-4668-BE54-9A1E7A4F7556}") = "Euro2024Challenge.Backend.Modules.Players.Presentation", "src\Backend\Modules\Players\Euro2024Challenge.Backend.Modules.Players.Presentation\Euro2024Challenge.Backend.Modules.Players.Presentation.csproj", "{8DB04CCE-4945-47B4-8DB7-A965E8AA4A32}"
EndProject
Project("{2150E333-8FDC-42A3-9474-1A3956D46DE8}") = "Bootstrapper", "Bootstrapper", "{9D1D066E-592F-4CEA-AF81-5D1320950182}"
EndProject
Project("{9A19103F-16F7-4668-BE54-9A1E7A4F7556}") = "Euro2024Challenge.Backend.Bootstrapper", "src\Backend\Bootstrapper\Euro2024Challenge.Backend.Bootstrapper\Euro2024Challenge.Backend.Bootstrapper.csproj", "{7D56A22D-6B35-4097-A5F4-1C71A44CA199}"
EndProject
Project("{9A19103F-16F7-4668-BE54-9A1E7A4F7556}") = "Euro2024Challenge.Backend.Modules.Players.Api", "src\Backend\Modules\Players\Euro2024Challenge.Backend.Modules.Players.Api\Euro2024Challenge.Backend.Modules.Players.Api\Euro2024Challenge.Backend.Modules.Players.Api.csproj", "{F3F646C4-7DA2-4B32-9B69-F1466D6F951B}"
EndProject
Project("{2150E333-8FDC-42A3-9474-1A3956D46DE8}") = "Shared", "Shared", "{E740FA1B-5C69-4898-B65C-E3C2C64138EC}"
EndProject
Project("{9A19103F-16F7-4668-BE54-9A1E7A4F7556}") = "Euro2024Challenge.Shared", "src\Backend\Shared\Euro2024Challenge.Shared\Euro2024Challenge.Shared.csproj", "{50AE4CD6-9F4D-4759-9DAB-E1FEF36E012F}"
EndProject
Project("{2150E333-8FDC-42A3-9474-1A3956D46DE8}") = "Tournaments", "Tournaments", "{95AB50FB-97F3-4A06-A8A0-B43519EE28C6}"
EndProject
Project("{FAE04EC0-301F-11D3-BF4B-00C04F79EFBC}") = "Euro2024Challenge.Backend.Modules.Tournaments.Api", "src\Backend\Modules\Tournaments\Euro2024Challenge.Backend.Modules.Tournaments.Api\Euro2024Challenge.Backend.Modules.Tournaments.Api.csproj", "{37B5638B-A601-43F0-94F0-BEAD0AB0B01D}"
EndProject
Project("{FAE04EC0-301F-11D3-BF4B-00C04F79EFBC}") = "Euro2024Challenge.Backend.Modules.Tournaments.Core", "src\Backend\Modules\Tournaments\Euro2024Challenge.Backend.Modules.Tournaments.Core\Euro2024Challenge.Backend.Modules.Tournaments.Core.csproj", "{245C84F1-7273-4F2F-B238-1FB9C66BC7B3}"
EndProject
Project("{FAE04EC0-301F-11D3-BF4B-00C04F79EFBC}") = "Euro2024Challenge.Backend.Modules.Tournaments.Presentation", "src\Backend\Modules\Tournaments\Euro2024Challenge.Backend.Modules.Tournaments.Presentation\Euro2024Challenge.Backend.Modules.Tournaments.Presentation.csproj", "{7E14067B-B494-4368-9C5E-16EA05A1E112}"
EndProject
Project("{FAE04EC0-301F-11D3-BF4B-00C04F79EFBC}") = "Euro2024Challenge.Backend.Modules.Classification.Api", "src\Backend\Modules\Classification\Euro2024Challenge.Backend.Modules.Classification.Api\Euro2024Challenge.Backend.Modules.Classification.Api.csproj", "{5AA30592-964A-4EE9-BC70-263D270EA1A6}"
EndProject
Project("{FAE04EC0-301F-11D3-BF4B-00C04F79EFBC}") = "Euro2024Challenge.Backend.Modules.Classification.Presentation", "src\Backend\Modules\Classification\Euro2024Challenge.Backend.Modules.Classification.Presentation\Euro2024Challenge.Backend.Modules.Classification.Presentation.csproj", "{F44791FC-3382-4347-ABE4-C4FF9609601D}"
EndProject
Project("{FAE04EC0-301F-11D3-BF4B-00C04F79EFBC}") = "Euro2024Challenge.Backend.Modules.Classification.Domain", "src\Backend\Modules\Classification\Euro2024Challenge.Backend.Modules.Classification.Domain\Euro2024Challenge.Backend.Modules.Classification.Domain.csproj", "{6107367C-45B7-484A-8743-52FD6BBCA561}"
EndProject
Project("{FAE04EC0-301F-11D3-BF4B-00C04F79EFBC}") = "Euro2024Challenge.Backend.Modules.Classification.Infrastructure", "src\Backend\Modules\Classification\Euro2024Challenge.Backend.Modules.Classification.Infrastructure\Euro2024Challenge.Backend.Modules.Classification.Infrastructure.csproj", "{618E0B30-9257-4D6C-91AF-A2D95A1CDF2D}"
EndProject
Project("{FAE04EC0-301F-11D3-BF4B-00C04F79EFBC}") = "Euro2024Challenge.Backend.Modules.Classification.Application", "src\Backend\Modules\Classification\Euro2024Challenge.Backend.Modules.Classification.Application\Euro2024Challenge.Backend.Modules.Classification.Application.csproj", "{8C3D8463-D149-4DA2-BCA3-0FA2B06DD36C}"
EndProject
Global
	GlobalSection(SolutionConfigurationPlatforms) = preSolution
		Debug|Any CPU = Debug|Any CPU
		Release|Any CPU = Release|Any CPU
	EndGlobalSection
	GlobalSection(ProjectConfigurationPlatforms) = postSolution
		{FB00F471-1BD7-4B91-AECD-A0F47A1F8672}.Debug|Any CPU.ActiveCfg = Debug|Any CPU
		{FB00F471-1BD7-4B91-AECD-A0F47A1F8672}.Debug|Any CPU.Build.0 = Debug|Any CPU
		{FB00F471-1BD7-4B91-AECD-A0F47A1F8672}.Release|Any CPU.ActiveCfg = Release|Any CPU
		{FB00F471-1BD7-4B91-AECD-A0F47A1F8672}.Release|Any CPU.Build.0 = Release|Any CPU
		{6585DBB8-B701-489F-9334-195E7D983A29}.Debug|Any CPU.ActiveCfg = Debug|Any CPU
		{6585DBB8-B701-489F-9334-195E7D983A29}.Debug|Any CPU.Build.0 = Debug|Any CPU
		{6585DBB8-B701-489F-9334-195E7D983A29}.Release|Any CPU.ActiveCfg = Release|Any CPU
		{6585DBB8-B701-489F-9334-195E7D983A29}.Release|Any CPU.Build.0 = Release|Any CPU
		{4AE12F17-00B0-47EF-A22A-18CF1F7233DA}.Debug|Any CPU.ActiveCfg = Debug|Any CPU
		{4AE12F17-00B0-47EF-A22A-18CF1F7233DA}.Debug|Any CPU.Build.0 = Debug|Any CPU
		{4AE12F17-00B0-47EF-A22A-18CF1F7233DA}.Release|Any CPU.ActiveCfg = Release|Any CPU
		{4AE12F17-00B0-47EF-A22A-18CF1F7233DA}.Release|Any CPU.Build.0 = Release|Any CPU
		{8DB04CCE-4945-47B4-8DB7-A965E8AA4A32}.Debug|Any CPU.ActiveCfg = Debug|Any CPU
		{8DB04CCE-4945-47B4-8DB7-A965E8AA4A32}.Debug|Any CPU.Build.0 = Debug|Any CPU
		{8DB04CCE-4945-47B4-8DB7-A965E8AA4A32}.Release|Any CPU.ActiveCfg = Release|Any CPU
		{8DB04CCE-4945-47B4-8DB7-A965E8AA4A32}.Release|Any CPU.Build.0 = Release|Any CPU
		{7D56A22D-6B35-4097-A5F4-1C71A44CA199}.Debug|Any CPU.ActiveCfg = Debug|Any CPU
		{7D56A22D-6B35-4097-A5F4-1C71A44CA199}.Debug|Any CPU.Build.0 = Debug|Any CPU
		{7D56A22D-6B35-4097-A5F4-1C71A44CA199}.Release|Any CPU.ActiveCfg = Release|Any CPU
		{7D56A22D-6B35-4097-A5F4-1C71A44CA199}.Release|Any CPU.Build.0 = Release|Any CPU
		{F3F646C4-7DA2-4B32-9B69-F1466D6F951B}.Debug|Any CPU.ActiveCfg = Debug|Any CPU
		{F3F646C4-7DA2-4B32-9B69-F1466D6F951B}.Debug|Any CPU.Build.0 = Debug|Any CPU
		{F3F646C4-7DA2-4B32-9B69-F1466D6F951B}.Release|Any CPU.ActiveCfg = Release|Any CPU
		{F3F646C4-7DA2-4B32-9B69-F1466D6F951B}.Release|Any CPU.Build.0 = Release|Any CPU
		{50AE4CD6-9F4D-4759-9DAB-E1FEF36E012F}.Debug|Any CPU.ActiveCfg = Debug|Any CPU
		{50AE4CD6-9F4D-4759-9DAB-E1FEF36E012F}.Debug|Any CPU.Build.0 = Debug|Any CPU
		{50AE4CD6-9F4D-4759-9DAB-E1FEF36E012F}.Release|Any CPU.ActiveCfg = Release|Any CPU
		{50AE4CD6-9F4D-4759-9DAB-E1FEF36E012F}.Release|Any CPU.Build.0 = Release|Any CPU
		{37B5638B-A601-43F0-94F0-BEAD0AB0B01D}.Debug|Any CPU.ActiveCfg = Debug|Any CPU
		{37B5638B-A601-43F0-94F0-BEAD0AB0B01D}.Debug|Any CPU.Build.0 = Debug|Any CPU
		{37B5638B-A601-43F0-94F0-BEAD0AB0B01D}.Release|Any CPU.ActiveCfg = Release|Any CPU
		{37B5638B-A601-43F0-94F0-BEAD0AB0B01D}.Release|Any CPU.Build.0 = Release|Any CPU
		{245C84F1-7273-4F2F-B238-1FB9C66BC7B3}.Debug|Any CPU.ActiveCfg = Debug|Any CPU
		{245C84F1-7273-4F2F-B238-1FB9C66BC7B3}.Debug|Any CPU.Build.0 = Debug|Any CPU
		{245C84F1-7273-4F2F-B238-1FB9C66BC7B3}.Release|Any CPU.ActiveCfg = Release|Any CPU
		{245C84F1-7273-4F2F-B238-1FB9C66BC7B3}.Release|Any CPU.Build.0 = Release|Any CPU
		{7E14067B-B494-4368-9C5E-16EA05A1E112}.Debug|Any CPU.ActiveCfg = Debug|Any CPU
		{7E14067B-B494-4368-9C5E-16EA05A1E112}.Debug|Any CPU.Build.0 = Debug|Any CPU
		{7E14067B-B494-4368-9C5E-16EA05A1E112}.Release|Any CPU.ActiveCfg = Release|Any CPU
		{7E14067B-B494-4368-9C5E-16EA05A1E112}.Release|Any CPU.Build.0 = Release|Any CPU
		{5AA30592-964A-4EE9-BC70-263D270EA1A6}.Debug|Any CPU.ActiveCfg = Debug|Any CPU
		{5AA30592-964A-4EE9-BC70-263D270EA1A6}.Debug|Any CPU.Build.0 = Debug|Any CPU
		{5AA30592-964A-4EE9-BC70-263D270EA1A6}.Release|Any CPU.ActiveCfg = Release|Any CPU
		{5AA30592-964A-4EE9-BC70-263D270EA1A6}.Release|Any CPU.Build.0 = Release|Any CPU
		{F44791FC-3382-4347-ABE4-C4FF9609601D}.Debug|Any CPU.ActiveCfg = Debug|Any CPU
		{F44791FC-3382-4347-ABE4-C4FF9609601D}.Debug|Any CPU.Build.0 = Debug|Any CPU
		{F44791FC-3382-4347-ABE4-C4FF9609601D}.Release|Any CPU.ActiveCfg = Release|Any CPU
		{F44791FC-3382-4347-ABE4-C4FF9609601D}.Release|Any CPU.Build.0 = Release|Any CPU
		{6107367C-45B7-484A-8743-52FD6BBCA561}.Debug|Any CPU.ActiveCfg = Debug|Any CPU
		{6107367C-45B7-484A-8743-52FD6BBCA561}.Debug|Any CPU.Build.0 = Debug|Any CPU
		{6107367C-45B7-484A-8743-52FD6BBCA561}.Release|Any CPU.ActiveCfg = Release|Any CPU
		{6107367C-45B7-484A-8743-52FD6BBCA561}.Release|Any CPU.Build.0 = Release|Any CPU
		{618E0B30-9257-4D6C-91AF-A2D95A1CDF2D}.Debug|Any CPU.ActiveCfg = Debug|Any CPU
		{618E0B30-9257-4D6C-91AF-A2D95A1CDF2D}.Debug|Any CPU.Build.0 = Debug|Any CPU
		{618E0B30-9257-4D6C-91AF-A2D95A1CDF2D}.Release|Any CPU.ActiveCfg = Release|Any CPU
		{618E0B30-9257-4D6C-91AF-A2D95A1CDF2D}.Release|Any CPU.Build.0 = Release|Any CPU
		{8C3D8463-D149-4DA2-BCA3-0FA2B06DD36C}.Debug|Any CPU.ActiveCfg = Debug|Any CPU
		{8C3D8463-D149-4DA2-BCA3-0FA2B06DD36C}.Debug|Any CPU.Build.0 = Debug|Any CPU
		{8C3D8463-D149-4DA2-BCA3-0FA2B06DD36C}.Release|Any CPU.ActiveCfg = Release|Any CPU
		{8C3D8463-D149-4DA2-BCA3-0FA2B06DD36C}.Release|Any CPU.Build.0 = Release|Any CPU
	EndGlobalSection
	GlobalSection(SolutionProperties) = preSolution
		HideSolutionNode = FALSE
	EndGlobalSection
	GlobalSection(NestedProjects) = preSolution
		{5191152F-D2CF-41BE-B8F0-41557E5C1E4E} = {9018316F-BBA3-45C8-B15D-3B0D56FE75FE}
		{8E52C7A1-DA78-4D57-8C29-E0329F8E3460} = {5191152F-D2CF-41BE-B8F0-41557E5C1E4E}
		{CF097479-0ADE-4BFA-A57E-F9776DD71C2C} = {8E52C7A1-DA78-4D57-8C29-E0329F8E3460}
		{FB00F471-1BD7-4B91-AECD-A0F47A1F8672} = {CF097479-0ADE-4BFA-A57E-F9776DD71C2C}
		{6585DBB8-B701-489F-9334-195E7D983A29} = {CF097479-0ADE-4BFA-A57E-F9776DD71C2C}
		{4AE12F17-00B0-47EF-A22A-18CF1F7233DA} = {CF097479-0ADE-4BFA-A57E-F9776DD71C2C}
		{8DB04CCE-4945-47B4-8DB7-A965E8AA4A32} = {CF097479-0ADE-4BFA-A57E-F9776DD71C2C}
		{9D1D066E-592F-4CEA-AF81-5D1320950182} = {5191152F-D2CF-41BE-B8F0-41557E5C1E4E}
		{7D56A22D-6B35-4097-A5F4-1C71A44CA199} = {9D1D066E-592F-4CEA-AF81-5D1320950182}
		{F3F646C4-7DA2-4B32-9B69-F1466D6F951B} = {CF097479-0ADE-4BFA-A57E-F9776DD71C2C}
		{E740FA1B-5C69-4898-B65C-E3C2C64138EC} = {5191152F-D2CF-41BE-B8F0-41557E5C1E4E}
		{50AE4CD6-9F4D-4759-9DAB-E1FEF36E012F} = {E740FA1B-5C69-4898-B65C-E3C2C64138EC}
		{95AB50FB-97F3-4A06-A8A0-B43519EE28C6} = {8E52C7A1-DA78-4D57-8C29-E0329F8E3460}
		{37B5638B-A601-43F0-94F0-BEAD0AB0B01D} = {95AB50FB-97F3-4A06-A8A0-B43519EE28C6}
		{245C84F1-7273-4F2F-B238-1FB9C66BC7B3} = {95AB50FB-97F3-4A06-A8A0-B43519EE28C6}
		{7E14067B-B494-4368-9C5E-16EA05A1E112} = {95AB50FB-97F3-4A06-A8A0-B43519EE28C6}
		{5AA30592-964A-4EE9-BC70-263D270EA1A6} = {8E52C7A1-DA78-4D57-8C29-E0329F8E3460}
	EndGlobalSection
	GlobalSection(ExtensibilityGlobals) = postSolution
		SolutionGuid = {8EBAAD8C-09EA-4FBD-A644-3267E2B056BA}
	EndGlobalSection
EndGlobal
