
Microsoft Visual Studio Solution File, Format Version 12.00
# Visual Studio Version 17
VisualStudioVersion = 17.0.31903.59
MinimumVisualStudioVersion = 10.0.40219.1
Project("{2150E333-8FDC-42A3-9474-1A3956D46DE8}") = "src", "src", "{9018316F-BBA3-45C8-B15D-3B0D56FE75FE}"
EndProject
Project("{2150E333-8FDC-42A3-9474-1A3956D46DE8}") = "tests", "tests", "{5419A986-9252-4F96-B53F-E875A3E37FBC}"
EndProject
Project("{2150E333-8FDC-42A3-9474-1A3956D46DE8}") = "Backend", "Backend", "{5191152F-D2CF-41BE-B8F0-41557E5C1E4E}"
EndProject
Project("{2150E333-8FDC-42A3-9474-1A3956D46DE8}") = "Modules", "Modules", "{8E52C7A1-DA78-4D57-8C29-E0329F8E3460}"
EndProject
Project("{2150E333-8FDC-42A3-9474-1A3956D46DE8}") = "Players", "Players", "{CF097479-0ADE-4BFA-A57E-F9776DD71C2C}"
EndProject
Project("{9A19103F-16F7-4668-BE54-9A1E7A4F7556}") = "Euro2024Challenge.Backend.Modules.Players.Domain", "src\Backend\Modules\Players\Euro2024Challenge.Backend.Modules.Players.Domain\Euro2024Challenge.Backend.Modules.Players.Domain.csproj", "{FB00F471-1BD7-4B91-AECD-A0F47A1F8672}"
EndProject
Project("{9A19103F-16F7-4668-BE54-9A1E7A4F7556}") = "Euro2024Challenge.Backend.Modules.Players.Application", "src\Backend\Modules\Players\Euro2024Challenge.Backend.Modules.Players.Application\Euro2024Challenge.Backend.Modules.Players.Application.csproj", "{6585DBB8-B701-489F-9334-195E7D983A29}"
EndProject
Project("{9A19103F-16F7-4668-BE54-9A1E7A4F7556}") = "Euro2024Challenge.Backend.Modules.Players.Infrastructure", "src\Backend\Modules\Players\Euro2024Challenge.Backend.Modules.Players.Infrastructure\Euro2024Challenge.Backend.Modules.Players.Infrastructure.csproj", "{4AE12F17-00B0-47EF-A22A-18CF1F7233DA}"
EndProject
Project("{9A19103F-16F7-4668-BE54-9A1E7A4F7556}") = "Euro2024Challenge.Backend.Modules.Players.Presentation", "src\Backend\Modules\Players\Euro2024Challenge.Backend.Modules.Players.Presentation\Euro2024Challenge.Backend.Modules.Players.Presentation.csproj", "{8DB04CCE-4945-47B4-8DB7-A965E8AA4A32}"
EndProject
Project("{2150E333-8FDC-42A3-9474-1A3956D46DE8}") = "Bootstrapper", "Bootstrapper", "{9D1D066E-592F-4CEA-AF81-5D1320950182}"
EndProject
Project("{9A19103F-16F7-4668-BE54-9A1E7A4F7556}") = "Euro2024Challenge.Backend.Bootstrapper", "src\Backend\Bootstrapper\Euro2024Challenge.Backend.Bootstrapper\Euro2024Challenge.Backend.Bootstrapper.csproj", "{7D56A22D-6B35-4097-A5F4-1C71A44CA199}"
EndProject
Project("{9A19103F-16F7-4668-BE54-9A1E7A4F7556}") = "Euro2024Challenge.Backend.Modules.Players.Api", "src\Backend\Modules\Players\Euro2024Challenge.Backend.Modules.Players.Api\Euro2024Challenge.Backend.Modules.Players.Api\Euro2024Challenge.Backend.Modules.Players.Api.csproj", "{F3F646C4-7DA2-4B32-9B69-F1466D6F951B}"
EndProject
Project("{2150E333-8FDC-42A3-9474-1A3956D46DE8}") = "Shared", "Shared", "{E740FA1B-5C69-4898-B65C-E3C2C64138EC}"
EndProject
Project("{9A19103F-16F7-4668-BE54-9A1E7A4F7556}") = "Euro2024Challenge.Shared", "src\Backend\Shared\Euro2024Challenge.Shared\Euro2024Challenge.Shared.csproj", "{50AE4CD6-9F4D-4759-9DAB-E1FEF36E012F}"
EndProject
Project("{2150E333-8FDC-42A3-9474-1A3956D46DE8}") = "Turnaments", "Turnaments", "{95AB50FB-97F3-4A06-A8A0-B43519EE28C6}"
EndProject
Project("{FAE04EC0-301F-11D3-BF4B-00C04F79EFBC}") = "Euro2024Challenge.Backend.Modules.Turnaments.Api", "src\Backend\Modules\Turnaments\Euro2024Challenge.Backend.Modules.Turnaments.Api\Euro2024Challenge.Backend.Modules.Turnaments.Api.csproj", "{FDCB3E86-800C-46A9-8AC5-703A133CBD44}"
EndProject
Global
	GlobalSection(SolutionConfigurationPlatforms) = preSolution
		Debug|Any CPU = Debug|Any CPU
		Release|Any CPU = Release|Any CPU
	EndGlobalSection
	GlobalSection(ProjectConfigurationPlatforms) = postSolution
		{FB00F471-1BD7-4B91-AECD-A0F47A1F8672}.Debug|Any CPU.ActiveCfg = Debug|Any CPU
		{FB00F471-1BD7-4B91-AECD-A0F47A1F8672}.Debug|Any CPU.Build.0 = Debug|Any CPU
		{FB00F471-1BD7-4B91-AECD-A0F47A1F8672}.Release|Any CPU.ActiveCfg = Release|Any CPU
		{FB00F471-1BD7-4B91-AECD-A0F47A1F8672}.Release|Any CPU.Build.0 = Release|Any CPU
		{6585DBB8-B701-489F-9334-195E7D983A29}.Debug|Any CPU.ActiveCfg = Debug|Any CPU
		{6585DBB8-B701-489F-9334-195E7D983A29}.Debug|Any CPU.Build.0 = Debug|Any CPU
		{6585DBB8-B701-489F-9334-195E7D983A29}.Release|Any CPU.ActiveCfg = Release|Any CPU
		{6585DBB8-B701-489F-9334-195E7D983A29}.Release|Any CPU.Build.0 = Release|Any CPU
		{4AE12F17-00B0-47EF-A22A-18CF1F7233DA}.Debug|Any CPU.ActiveCfg = Debug|Any CPU
		{4AE12F17-00B0-47EF-A22A-18CF1F7233DA}.Debug|Any CPU.Build.0 = Debug|Any CPU
		{4AE12F17-00B0-47EF-A22A-18CF1F7233DA}.Release|Any CPU.ActiveCfg = Release|Any CPU
		{4AE12F17-00B0-47EF-A22A-18CF1F7233DA}.Release|Any CPU.Build.0 = Release|Any CPU
		{8DB04CCE-4945-47B4-8DB7-A965E8AA4A32}.Debug|Any CPU.ActiveCfg = Debug|Any CPU
		{8DB04CCE-4945-47B4-8DB7-A965E8AA4A32}.Debug|Any CPU.Build.0 = Debug|Any CPU
		{8DB04CCE-4945-47B4-8DB7-A965E8AA4A32}.Release|Any CPU.ActiveCfg = Release|Any CPU
		{8DB04CCE-4945-47B4-8DB7-A965E8AA4A32}.Release|Any CPU.Build.0 = Release|Any CPU
		{7D56A22D-6B35-4097-A5F4-1C71A44CA199}.Debug|Any CPU.ActiveCfg = Debug|Any CPU
		{7D56A22D-6B35-4097-A5F4-1C71A44CA199}.Debug|Any CPU.Build.0 = Debug|Any CPU
		{7D56A22D-6B35-4097-A5F4-1C71A44CA199}.Release|Any CPU.ActiveCfg = Release|Any CPU
		{7D56A22D-6B35-4097-A5F4-1C71A44CA199}.Release|Any CPU.Build.0 = Release|Any CPU
		{F3F646C4-7DA2-4B32-9B69-F1466D6F951B}.Debug|Any CPU.ActiveCfg = Debug|Any CPU
		{F3F646C4-7DA2-4B32-9B69-F1466D6F951B}.Debug|Any CPU.Build.0 = Debug|Any CPU
		{F3F646C4-7DA2-4B32-9B69-F1466D6F951B}.Release|Any CPU.ActiveCfg = Release|Any CPU
		{F3F646C4-7DA2-4B32-9B69-F1466D6F951B}.Release|Any CPU.Build.0 = Release|Any CPU
		{50AE4CD6-9F4D-4759-9DAB-E1FEF36E012F}.Debug|Any CPU.ActiveCfg = Debug|Any CPU
		{50AE4CD6-9F4D-4759-9DAB-E1FEF36E012F}.Debug|Any CPU.Build.0 = Debug|Any CPU
		{50AE4CD6-9F4D-4759-9DAB-E1FEF36E012F}.Release|Any CPU.ActiveCfg = Release|Any CPU
		{50AE4CD6-9F4D-4759-9DAB-E1FEF36E012F}.Release|Any CPU.Build.0 = Release|Any CPU
		{FDCB3E86-800C-46A9-8AC5-703A133CBD44}.Debug|Any CPU.ActiveCfg = Debug|Any CPU
		{FDCB3E86-800C-46A9-8AC5-703A133CBD44}.Debug|Any CPU.Build.0 = Debug|Any CPU
		{FDCB3E86-800C-46A9-8AC5-703A133CBD44}.Release|Any CPU.ActiveCfg = Release|Any CPU
		{FDCB3E86-800C-46A9-8AC5-703A133CBD44}.Release|Any CPU.Build.0 = Release|Any CPU
	EndGlobalSection
	GlobalSection(SolutionProperties) = preSolution
		HideSolutionNode = FALSE
	EndGlobalSection
	GlobalSection(NestedProjects) = preSolution
		{5191152F-D2CF-41BE-B8F0-41557E5C1E4E} = {9018316F-BBA3-45C8-B15D-3B0D56FE75FE}
		{8E52C7A1-DA78-4D57-8C29-E0329F8E3460} = {5191152F-D2CF-41BE-B8F0-41557E5C1E4E}
		{CF097479-0ADE-4BFA-A57E-F9776DD71C2C} = {8E52C7A1-DA78-4D57-8C29-E0329F8E3460}
		{FB00F471-1BD7-4B91-AECD-A0F47A1F8672} = {CF097479-0ADE-4BFA-A57E-F9776DD71C2C}
		{6585DBB8-B701-489F-9334-195E7D983A29} = {CF097479-0ADE-4BFA-A57E-F9776DD71C2C}
		{4AE12F17-00B0-47EF-A22A-18CF1F7233DA} = {CF097479-0ADE-4BFA-A57E-F9776DD71C2C}
		{8DB04CCE-4945-47B4-8DB7-A965E8AA4A32} = {CF097479-0ADE-4BFA-A57E-F9776DD71C2C}
		{9D1D066E-592F-4CEA-AF81-5D1320950182} = {5191152F-D2CF-41BE-B8F0-41557E5C1E4E}
		{7D56A22D-6B35-4097-A5F4-1C71A44CA199} = {9D1D066E-592F-4CEA-AF81-5D1320950182}
		{F3F646C4-7DA2-4B32-9B69-F1466D6F951B} = {CF097479-0ADE-4BFA-A57E-F9776DD71C2C}
		{E740FA1B-5C69-4898-B65C-E3C2C64138EC} = {5191152F-D2CF-41BE-B8F0-41557E5C1E4E}
		{50AE4CD6-9F4D-4759-9DAB-E1FEF36E012F} = {E740FA1B-5C69-4898-B65C-E3C2C64138EC}
		{95AB50FB-97F3-4A06-A8A0-B43519EE28C6} = {8E52C7A1-DA78-4D57-8C29-E0329F8E3460}
		{FDCB3E86-800C-46A9-8AC5-703A133CBD44} = {95AB50FB-97F3-4A06-A8A0-B43519EE28C6}
	EndGlobalSection
	GlobalSection(ExtensibilityGlobals) = postSolution
		SolutionGuid = {8EBAAD8C-09EA-4FBD-A644-3267E2B056BA}
	EndGlobalSection
EndGlobal
