
Microsoft Visual Studio Solution File, Format Version 12.00
# Visual Studio Version 17
VisualStudioVersion = 17.0.31903.59
MinimumVisualStudioVersion = 10.0.40219.1
Project("{2150E333-8FDC-42A3-9474-1A3956D46DE8}") = "src", "src", "{9018316F-BBA3-45C8-B15D-3B0D56FE75FE}"
EndProject
Project("{2150E333-8FDC-42A3-9474-1A3956D46DE8}") = "tests", "tests", "{5419A986-9252-4F96-B53F-E875A3E37FBC}"
EndProject
Project("{2150E333-8FDC-42A3-9474-1A3956D46DE8}") = "Backend", "Backend", "{FE75BB22-C1C1-47ED-BC7B-F01C159CB339}"
EndProject
Project("{2150E333-8FDC-42A3-9474-1A3956D46DE8}") = "Modules", "Modules", "{6C65B7E6-D1A6-4B4A-9208-5BA2AF84F686}"
EndProject
Project("{2150E333-8FDC-42A3-9474-1A3956D46DE8}") = "Users", "Users", "{C5BC7E16-1D67-4C67-AC74-D22260425F76}"
EndProject
Project("{2150E333-8FDC-42A3-9474-1A3956D46DE8}") = "Players", "Players", "{5079D7B6-D883-4D2E-8DB6-23D94A0AB41B}"
EndProject
Global
	GlobalSection(SolutionProperties) = preSolution
		HideSolutionNode = FALSE
	EndGlobalSection
	GlobalSection(NestedProjects) = preSolution
		{FE75BB22-C1C1-47ED-BC7B-F01C159CB339} = {9018316F-BBA3-45C8-B15D-3B0D56FE75FE}
		{6C65B7E6-D1A6-4B4A-9208-5BA2AF84F686} = {FE75BB22-C1C1-47ED-BC7B-F01C159CB339}
		{C5BC7E16-1D67-4C67-AC74-D22260425F76} = {6C65B7E6-D1A6-4B4A-9208-5BA2AF84F686}
		{5079D7B6-D883-4D2E-8DB6-23D94A0AB41B} = {6C65B7E6-D1A6-4B4A-9208-5BA2AF84F686}
	EndGlobalSection
	GlobalSection(ExtensibilityGlobals) = postSolution
		SolutionGuid = {8EBAAD8C-09EA-4FBD-A644-3267E2B056BA}
	EndGlobalSection
EndGlobal
